<?xml version="1.0" encoding="utf-8"?>
<Project ToolsVersion="4.0" xmlns="http://schemas.microsoft.com/developer/msbuild/2003">
  <ItemGroup>
    <Filter Include="소스 파일">
      <UniqueIdentifier>{4FC737F1-C7A5-4376-A066-2A32D752A2FF}</UniqueIdentifier>
      <Extensions>cpp;c;cc;cxx;def;odl;idl;hpj;bat;asm;asmx</Extensions>
    </Filter>
    <Filter Include="헤더 파일">
      <UniqueIdentifier>{93995380-89BD-4b04-88EB-625FBE52EBFB}</UniqueIdentifier>
      <Extensions>h;hh;hpp;hxx;hm;inl;inc;xsd</Extensions>
    </Filter>
    <Filter Include="리소스 파일">
      <UniqueIdentifier>{67DA6AB6-F800-4c08-8B7A-83BB121AAD01}</UniqueIdentifier>
      <Extensions>rc;ico;cur;bmp;dlg;rc2;rct;bin;rgs;gif;jpg;jpeg;jpe;resx;tiff;tif;png;wav;mfcribbon-ms</Extensions>
    </Filter>
    <Filter Include="소스 파일\main">
      <UniqueIdentifier>{4c33ac1c-061f-47cd-8b19-41447d3f219a}</UniqueIdentifier>
    </Filter>
    <Filter Include="소스 파일\Stage">
      <UniqueIdentifier>{ec413cca-7484-4d59-9010-93e195526ff0}</UniqueIdentifier>
    </Filter>
    <Filter Include="소스 파일\Object">
      <UniqueIdentifier>{588521f1-4049-47ab-b5c7-0ebdb7275f79}</UniqueIdentifier>
    </Filter>
    <Filter Include="소스 파일\Object\몬스터">
      <UniqueIdentifier>{54abd225-1fc1-4194-837b-fd32f8dfd7da}</UniqueIdentifier>
    </Filter>
    <Filter Include="소스 파일\Object\탄환">
      <UniqueIdentifier>{76ae7b0f-9d0e-488f-8b98-fd30cc08d5dd}</UniqueIdentifier>
    </Filter>
    <Filter Include="소스 파일\성민찡">
      <UniqueIdentifier>{851cbb90-2e8e-4fe0-b694-94fb47ef8601}</UniqueIdentifier>
    </Filter>
    <Filter Include="소스 파일\Player">
      <UniqueIdentifier>{15bb7b78-dd6e-4eb2-9871-0f076a12eca9}</UniqueIdentifier>
    </Filter>
    <Filter Include="소스 파일\Object\Sound">
      <UniqueIdentifier>{ec847e66-4f1f-442a-ac69-ba2bd05876c5}</UniqueIdentifier>
    </Filter>
  </ItemGroup>
  <ItemGroup>
    <ClInclude Include="Device.h">
      <Filter>소스 파일\main</Filter>
    </ClInclude>
    <ClInclude Include="Define.h">
      <Filter>소스 파일\main</Filter>
    </ClInclude>
    <ClInclude Include="Texture.h">
      <Filter>소스 파일\main</Filter>
    </ClInclude>
    <ClInclude Include="Looper.h">
      <Filter>소스 파일</Filter>
    </ClInclude>
    <ClInclude Include="Mainmenu.h">
      <Filter>소스 파일\Stage</Filter>
    </ClInclude>
    <ClInclude Include="BaseStage.h">
      <Filter>소스 파일\Stage</Filter>
    </ClInclude>
    <ClInclude Include="TestStage.h">
      <Filter>소스 파일\Stage</Filter>
    </ClInclude>
    <ClInclude Include="Picture.h">
      <Filter>소스 파일\Object</Filter>
    </ClInclude>
    <ClInclude Include="BaseObject.h">
      <Filter>소스 파일\Object</Filter>
    </ClInclude>
    <ClInclude Include="Background.h">
      <Filter>소스 파일\Object</Filter>
    </ClInclude>
    <ClInclude Include="Tile.h">
      <Filter>소스 파일\Object</Filter>
    </ClInclude>
    <ClInclude Include="Cursor.h">
      <Filter>소스 파일\Object</Filter>
    </ClInclude>
    <ClInclude Include="Resources.h">
      <Filter>소스 파일\Object</Filter>
    </ClInclude>
    <ClInclude Include="Monster.h">
      <Filter>소스 파일\Object\몬스터</Filter>
    </ClInclude>
    <ClInclude Include="Bullet.h">
      <Filter>소스 파일\Object\탄환</Filter>
    </ClInclude>
    <ClInclude Include="Player.h">
      <Filter>소스 파일\Player</Filter>
    </ClInclude>
    <ClInclude Include="TowerSelection.h">
      <Filter>소스 파일\성민찡</Filter>
    </ClInclude>
    <ClInclude Include="score.h">
      <Filter>소스 파일\Object</Filter>
    </ClInclude>
    <ClInclude Include="Sound.h">
      <Filter>소스 파일\Object\Sound</Filter>
    </ClInclude>
    <ClInclude Include="Effect.h">
      <Filter>소스 파일\Object\몬스터</Filter>
    </ClInclude>
    <ClInclude Include="PauseScreen.h">
      <Filter>소스 파일\Object</Filter>
    </ClInclude>
    <ClInclude Include="Clear.h">
      <Filter>소스 파일\Stage</Filter>
    </ClInclude>
    <ClInclude Include="rank.h">
      <Filter>소스 파일\main</Filter>
    </ClInclude>
  </ItemGroup>
  <ItemGroup>
    <ClCompile Include="Texture.cpp">
      <Filter>소스 파일\main</Filter>
    </ClCompile>
    <ClCompile Include="main.cpp">
      <Filter>소스 파일\main</Filter>
    </ClCompile>
    <ClCompile Include="Looper.cpp">
      <Filter>소스 파일</Filter>
    </ClCompile>
    <ClCompile Include="BaseStage.cpp">
      <Filter>소스 파일\Stage</Filter>
    </ClCompile>
    <ClCompile Include="Mainmenu.cpp">
      <Filter>소스 파일\Stage</Filter>
    </ClCompile>
    <ClCompile Include="TestStage.cpp">
      <Filter>소스 파일\Stage</Filter>
    </ClCompile>
    <ClCompile Include="Picture.cpp">
      <Filter>소스 파일\Object</Filter>
    </ClCompile>
    <ClCompile Include="BaseObject.cpp">
      <Filter>소스 파일\Object</Filter>
    </ClCompile>
    <ClCompile Include="Background.cpp">
      <Filter>소스 파일\Object</Filter>
    </ClCompile>
    <ClCompile Include="Tile.cpp">
      <Filter>소스 파일\Object</Filter>
    </ClCompile>
    <ClCompile Include="Curosr.cpp">
      <Filter>소스 파일\Object</Filter>
    </ClCompile>
    <ClCompile Include="Resources.cpp">
      <Filter>소스 파일\Object</Filter>
    </ClCompile>
    <ClCompile Include="Monster.cpp">
      <Filter>소스 파일\Object\몬스터</Filter>
    </ClCompile>
    <ClCompile Include="Bullet.cpp">
      <Filter>소스 파일\Object\탄환</Filter>
    </ClCompile>
    <ClCompile Include="Player.cpp">
      <Filter>소스 파일\Player</Filter>
    </ClCompile>
    <ClCompile Include="TowerSelection.cpp">
      <Filter>소스 파일\성민찡</Filter>
    </ClCompile>
    <ClCompile Include="score.cpp">
      <Filter>소스 파일\Object</Filter>
    </ClCompile>
    <ClCompile Include="Device.cpp">
      <Filter>소스 파일\main</Filter>
    </ClCompile>
    <ClCompile Include="Sound.cpp">
      <Filter>소스 파일\Object\Sound</Filter>
    </ClCompile>
    <ClCompile Include="Effect.cpp">
      <Filter>소스 파일\Object\몬스터</Filter>
    </ClCompile>
    <ClCompile Include="PauseScreen.cpp">
      <Filter>소스 파일\Object</Filter>
    </ClCompile>
    <ClCompile Include="Clear.cpp">
      <Filter>소스 파일\Stage</Filter>
    </ClCompile>
    <ClCompile Include="rank.cpp">
      <Filter>소스 파일\main</Filter>
    </ClCompile>
  </ItemGroup>
</Project>